
Microsoft Visual Studio Solution File, Format Version 12.00
# Visual Studio Version 17
VisualStudioVersion = 17.7.34202.233
MinimumVisualStudioVersion = 10.0.40219.1
Project("{FAE04EC0-301F-11D3-BF4B-00C04F79EFBC}") = "ecommerce-app", "ecommerce-app\ecommerce-app.csproj", "{D5342F34-296A-4A0A-9DE9-A6AA966B0084}"
EndProject
Global
	GlobalSection(SolutionConfigurationPlatforms) = preSolution
		Debug|Any CPU = Debug|Any CPU
		Release|Any CPU = Release|Any CPU
	EndGlobalSection
	GlobalSection(ProjectConfigurationPlatforms) = postSolution
		{D5342F34-296A-4A0A-9DE9-A6AA966B0084}.Debug|Any CPU.ActiveCfg = Debug|Any CPU
		{D5342F34-296A-4A0A-9DE9-A6AA966B0084}.Debug|Any CPU.Build.0 = Debug|Any CPU
		{D5342F34-296A-4A0A-9DE9-A6AA966B0084}.Release|Any CPU.ActiveCfg = Release|Any CPU
		{D5342F34-296A-4A0A-9DE9-A6AA966B0084}.Release|Any CPU.Build.0 = Release|Any CPU
	EndGlobalSection
	GlobalSection(SolutionProperties) = preSolution
		HideSolutionNode = FALSE
	EndGlobalSection
	GlobalSection(ExtensibilityGlobals) = postSolution
		SolutionGuid = {E144409E-49D4-4DCC-B9AA-DA8C1CE70884}
	EndGlobalSection
EndGlobal
